
Microsoft Visual Studio Solution File, Format Version 12.00
# Visual Studio 14
VisualStudioVersion = 14.0.25420.1
MinimumVisualStudioVersion = 10.0.40219.1
Project("{FAE04EC0-301F-11D3-BF4B-00C04F79EFBC}") = "OS400Svc", "OS400Svc\OS400Svc.csproj", "{4E305805-2BDE-447F-873F-975E23BE4A4C}"
EndProject
Project("{54435603-DBB4-11D2-8724-00A0C9A8B90C}") = "SetupOs400Svc", "SetupOs400Svc\SetupOs400Svc.vdproj", "{83BD0D55-C170-49D3-99D3-60CA6A6C52E9}"
EndProject
Project("{FAE04EC0-301F-11D3-BF4B-00C04F79EFBC}") = "ConsolePing", "ConsolePing\ConsolePing.csproj", "{89A9ED1C-DE5A-49A6-8CEB-528922DB482A}"
EndProject
Global
	GlobalSection(SolutionConfigurationPlatforms) = preSolution
		Debug|Any CPU = Debug|Any CPU
		Release|Any CPU = Release|Any CPU
	EndGlobalSection
	GlobalSection(ProjectConfigurationPlatforms) = postSolution
		{4E305805-2BDE-447F-873F-975E23BE4A4C}.Debug|Any CPU.ActiveCfg = Debug|Any CPU
		{4E305805-2BDE-447F-873F-975E23BE4A4C}.Debug|Any CPU.Build.0 = Debug|Any CPU
		{4E305805-2BDE-447F-873F-975E23BE4A4C}.Release|Any CPU.ActiveCfg = Release|Any CPU
		{4E305805-2BDE-447F-873F-975E23BE4A4C}.Release|Any CPU.Build.0 = Release|Any CPU
		{83BD0D55-C170-49D3-99D3-60CA6A6C52E9}.Debug|Any CPU.ActiveCfg = Debug
		{83BD0D55-C170-49D3-99D3-60CA6A6C52E9}.Debug|Any CPU.Build.0 = Debug
		{83BD0D55-C170-49D3-99D3-60CA6A6C52E9}.Release|Any CPU.ActiveCfg = Release
		{89A9ED1C-DE5A-49A6-8CEB-528922DB482A}.Debug|Any CPU.ActiveCfg = Debug|Any CPU
		{89A9ED1C-DE5A-49A6-8CEB-528922DB482A}.Release|Any CPU.ActiveCfg = Release|Any CPU
		{89A9ED1C-DE5A-49A6-8CEB-528922DB482A}.Release|Any CPU.Build.0 = Release|Any CPU
	EndGlobalSection
	GlobalSection(SolutionProperties) = preSolution
		HideSolutionNode = FALSE
	EndGlobalSection
EndGlobal
